<?xml version="1.0" encoding="utf-8"?>
<Project ToolsVersion="4.0" xmlns="http://schemas.microsoft.com/developer/msbuild/2003">
  <ItemGroup>
    <Filter Include="Source Files">
      <UniqueIdentifier>{4FC737F1-C7A5-4376-A066-2A32D752A2FF}</UniqueIdentifier>
      <Extensions>cpp;c;cc;cxx;def;odl;idl;hpj;bat;asm;asmx</Extensions>
    </Filter>
    <Filter Include="Header Files">
      <UniqueIdentifier>{93995380-89BD-4b04-88EB-625FBE52EBFB}</UniqueIdentifier>
      <Extensions>h;hpp;hxx;hm;inl;inc;xsd</Extensions>
    </Filter>
    <Filter Include="Resource Files">
      <UniqueIdentifier>{67DA6AB6-F800-4c08-8B7A-83BB121AAD01}</UniqueIdentifier>
      <Extensions>rc;ico;cur;bmp;dlg;rc2;rct;bin;rgs;gif;jpg;jpeg;jpe;resx;tiff;tif;png;wav;mfcribbon-ms</Extensions>
    </Filter>
    <Filter Include="Generated Files">
      <UniqueIdentifier>{2421f549-9150-41e9-9a00-40e178bf4422}</UniqueIdentifier>
      <SourceControlFiles>False</SourceControlFiles>
    </Filter>
    <Filter Include="Source Files\Chips">
      <UniqueIdentifier>{7f640b80-f91e-49b0-be38-1ed16d460c3b}</UniqueIdentifier>
    </Filter>
    <Filter Include="Source Files\Resampling">
      <UniqueIdentifier>{b11569ae-cf8c-4776-850e-a70984eb2427}</UniqueIdentifier>
    </Filter>
  </ItemGroup>
  <ItemGroup>
    <ClCompile Include="stdafx.cpp">
      <Filter>Source Files</Filter>
    </ClCompile>
    <ClCompile Include="vgmcodec.cpp">
      <Filter>Source Files</Filter>
    </ClCompile>
    <ClCompile Include="dllmain.cpp">
      <Filter>Source Files</Filter>
    </ClCompile>
    <ClCompile Include="xdlldata.c">
      <Filter>Source Files</Filter>
    </ClCompile>
    <ClCompile Include="vgmcodec_i.c">
      <Filter>Generated Files</Filter>
    </ClCompile>
    <ClCompile Include="vgmSampleRenderer.cpp">
      <Filter>Source Files</Filter>
    </ClCompile>
    <ClCompile Include="guiddef.cpp">
      <Filter>Source Files</Filter>
    </ClCompile>
    <ClCompile Include="Resampler.cpp">
      <Filter>Source Files\Resampling</Filter>
    </ClCompile>
    <ClCompile Include="sn76496.cpp">
      <Filter>Source Files\Chips</Filter>
    </ClCompile>
    <ClCompile Include="vgmSource.cpp">
      <Filter>Source Files</Filter>
    </ClCompile>
    <ClCompile Include="vgmStream.cpp">
      <Filter>Source Files</Filter>
    </ClCompile>
    <ClCompile Include="vgmParser.cpp">
      <Filter>Source Files</Filter>
    </ClCompile>
    <ClCompile Include="vgmByteStreamHandler.cpp">
      <Filter>Source Files</Filter>
    </ClCompile>
    <ClCompile Include="ChipFactory.cpp">
      <Filter>Source Files</Filter>
    </ClCompile>
    <ClCompile Include="lockHelper.cpp">
      <Filter>Source Files</Filter>
    </ClCompile>
    <ClCompile Include="bufferLocker.cpp">
      <Filter>Source Files</Filter>
    </ClCompile>
    <ClCompile Include="gzip.cpp">
      <Filter>Source Files</Filter>
    </ClCompile>
    <ClCompile Include="zlib.cpp">
      <Filter>Source Files</Filter>
    </ClCompile>
    <ClCompile Include="ExceptionTranslator.cpp">
      <Filter>Source Files</Filter>
    </ClCompile>
  </ItemGroup>
  <ItemGroup>
    <ClInclude Include="stdafx.h">
      <Filter>Header Files</Filter>
    </ClInclude>
    <ClInclude Include="targetver.h">
      <Filter>Header Files</Filter>
    </ClInclude>
    <ClInclude Include="Resource.h">
      <Filter>Header Files</Filter>
    </ClInclude>
    <ClInclude Include="dllmain.h">
      <Filter>Header Files</Filter>
    </ClInclude>
    <ClInclude Include="xdlldata.h">
      <Filter>Header Files</Filter>
    </ClInclude>
    <ClInclude Include="vgmcodec_i.h">
      <Filter>Generated Files</Filter>
    </ClInclude>
    <ClInclude Include="vgmSampleRenderer.h">
      <Filter>Header Files</Filter>
    </ClInclude>
    <ClInclude Include="banned.h">
      <Filter>Header Files</Filter>
    </ClInclude>
    <ClInclude Include="VgmSample.h">
      <Filter>Header Files</Filter>
    </ClInclude>
    <ClInclude Include="IChip.h">
      <Filter>Source Files\Chips</Filter>
    </ClInclude>
    <ClInclude Include="Resampler.h">
      <Filter>Source Files\Resampling</Filter>
    </ClInclude>
    <ClInclude Include="sn76496.h">
      <Filter>Source Files\Chips</Filter>
    </ClInclude>
    <ClInclude Include="vgmSource.h">
      <Filter>Header Files</Filter>
    </ClInclude>
    <ClInclude Include="vgmStream.h">
      <Filter>Header Files</Filter>
    </ClInclude>
    <ClInclude Include="propVariant.h">
      <Filter>Header Files</Filter>
    </ClInclude>
    <ClInclude Include="vgmParser.h">
      <Filter>Header Files</Filter>
    </ClInclude>
    <ClInclude Include="vgmByteStreamHandler.h">
      <Filter>Header Files</Filter>
    </ClInclude>
    <ClInclude Include="vgmheader.h">
      <Filter>Header Files</Filter>
    </ClInclude>
    <ClInclude Include="ChipFactory.h">
      <Filter>Header Files</Filter>
    </ClInclude>
    <ClInclude Include="lockHelper.h">
      <Filter>Header Files</Filter>
    </ClInclude>
    <ClInclude Include="vgmPlayState.h">
      <Filter>Header Files</Filter>
    </ClInclude>
    <ClInclude Include="bufferLocker.h">
      <Filter>Header Files</Filter>
    </ClInclude>
    <ClInclude Include="ExceptionTranslator.h">
      <Filter>Header Files</Filter>
    </ClInclude>
  </ItemGroup>
  <ItemGroup>
    <ResourceCompile Include="vgmcodec.rc">
      <Filter>Resource Files</Filter>
    </ResourceCompile>
  </ItemGroup>
  <ItemGroup>
    <None Include="ReadMe.txt" />
    <None Include="vgmcodec.rgs">
      <Filter>Resource Files</Filter>
    </None>
    <None Include="vgmcodec.def">
      <Filter>Source Files</Filter>
    </None>
    <None Include="vgmSampleRenderer.rgs">
      <Filter>Resource Files</Filter>
    </None>
    <None Include="vgmSource.rgs">
      <Filter>Resource Files</Filter>
    </None>
    <None Include="vgmStream.rgs">
      <Filter>Resource Files</Filter>
    </None>
    <None Include="LICENSE.txt" />
    <None Include="vgmByteStreamHandler.rgs">
      <Filter>Resource Files</Filter>
    </None>
    <None Include="registry.bin">
      <Filter>Resource Files</Filter>
    </None>
    <None Include="packages.config" />
  </ItemGroup>
  <ItemGroup>
    <Midl Include="vgmcodec.idl">
      <Filter>Source Files</Filter>
    </Midl>
  </ItemGroup>
</Project>